<?xml version="1.0" encoding="utf-8"?>
<Project ToolsVersion="4.0" xmlns="http://schemas.microsoft.com/developer/msbuild/2003">
  <ItemGroup>
    <Filter Include="Source Files">
      <UniqueIdentifier>{4FC737F1-C7A5-4376-A066-2A32D752A2FF}</UniqueIdentifier>
      <Extensions>cpp;c;cc;cxx;c++;cppm;ixx;def;odl;idl;hpj;bat;asm;asmx</Extensions>
    </Filter>
    <Filter Include="Resource Files">
      <UniqueIdentifier>{67DA6AB6-F800-4c08-8B7A-83BB121AAD01}</UniqueIdentifier>
      <Extensions>rc;ico;cur;bmp;dlg;rc2;rct;bin;rgs;gif;jpg;jpeg;jpe;resx;tiff;tif;png;wav;mfcribbon-ms</Extensions>
    </Filter>
    <Filter Include="Source Files\utils">
      <UniqueIdentifier>{39a4cd1b-0b55-4fda-acdc-28cd041ba7b6}</UniqueIdentifier>
    </Filter>
    <Filter Include="Source Files\utils\tokenizer">
      <UniqueIdentifier>{d24bfcf7-0223-4237-8298-b0faf6f0bc79}</UniqueIdentifier>
    </Filter>
    <Filter Include="Header Files">
      <UniqueIdentifier>{93995380-89BD-4b04-88EB-625FBE52EBFB}</UniqueIdentifier>
      <Extensions>h;hh;hpp;hxx;h++;hm;inl;inc;ipp;xsd</Extensions>
    </Filter>
    <Filter Include="Source Files\utils\nodes">
      <UniqueIdentifier>{ec76dd82-4698-4424-b0a1-9c733bf84fcf}</UniqueIdentifier>
    </Filter>
    <Filter Include="Source Files\utils\parser">
      <UniqueIdentifier>{e07c9731-3f93-4f84-bb01-b0b35d7048bd}</UniqueIdentifier>
    </Filter>
  </ItemGroup>
  <ItemGroup>
    <ClCompile Include="main.cpp">
      <Filter>Source Files</Filter>
    </ClCompile>
    <ClCompile Include="tokenizer.cpp">
      <Filter>Source Files\utils\tokenizer</Filter>
    </ClCompile>
    <ClCompile Include="nodes.cpp">
      <Filter>Source Files\utils\nodes</Filter>
    </ClCompile>
    <ClCompile Include="parser.cpp">
      <Filter>Source Files\utils\parser</Filter>
    </ClCompile>
  </ItemGroup>
  <ItemGroup>
    <ClInclude Include="tokenizer.hpp">
      <Filter>Header Files</Filter>
    </ClInclude>
    <ClInclude Include="errors.hpp">
      <Filter>Header Files</Filter>
    </ClInclude>
    <ClInclude Include="position.hpp">
      <Filter>Header Files</Filter>
    </ClInclude>
    <ClInclude Include="nodes.hpp">
      <Filter>Header Files</Filter>
    </ClInclude>
    <ClInclude Include="parser.hpp">
      <Filter>Header Files</Filter>
    </ClInclude>
    <ClInclude Include="json.hpp">
      <Filter>Header Files</Filter>
    </ClInclude>
  </ItemGroup>
</Project>